// !$*UTF8*$!
{
	archiveVersion = 1;
	classes = {
	};
	objectVersion = 50;
	objects = {

/* Begin PBXBuildFile section */
		13A82A20250554B200CF718D /* FloatingInput.framework in Frameworks */ = {isa = PBXBuildFile; fileRef = 13A82A16250554B100CF718D /* FloatingInput.framework */; };
		13A82A25250554B200CF718D /* FloatingInputTests.swift in Sources */ = {isa = PBXBuildFile; fileRef = 13A82A24250554B200CF718D /* FloatingInputTests.swift */; };
		13A82A27250554B200CF718D /* FloatingInput.h in Headers */ = {isa = PBXBuildFile; fileRef = 13A82A19250554B100CF718D /* FloatingInput.h */; settings = {ATTRIBUTES = (Public, ); }; };
		13C4B68B25055BBF00182A8F /* Border.swift in Sources */ = {isa = PBXBuildFile; fileRef = 13A82A75250557B300CF718D /* Border.swift */; };
		13C4B68C25055BBF00182A8F /* DesignableView.swift in Sources */ = {isa = PBXBuildFile; fileRef = 13A82A72250557B200CF718D /* DesignableView.swift */; };
		13C4B68D25055BBF00182A8F /* Radius.swift in Sources */ = {isa = PBXBuildFile; fileRef = 13A82A74250557B300CF718D /* Radius.swift */; };
		13C4B68E25055BBF00182A8F /* Stylable.swift in Sources */ = {isa = PBXBuildFile; fileRef = 13A82A73250557B300CF718D /* Stylable.swift */; };
		13C4B68F25055BBF00182A8F /* CALayer+Border.swift in Sources */ = {isa = PBXBuildFile; fileRef = 13A82A7A2505582800CF718D /* CALayer+Border.swift */; };
		13C4B69025055BBF00182A8F /* Number+UIEdgeInset.swift in Sources */ = {isa = PBXBuildFile; fileRef = 13A82A6F2505577700CF718D /* Number+UIEdgeInset.swift */; };
		13C4B69125055BBF00182A8F /* UIStackView+Init.swift in Sources */ = {isa = PBXBuildFile; fileRef = 13A82A6D2505576C00CF718D /* UIStackView+Init.swift */; };
		13C4B69225055BBF00182A8F /* UIView+Radius.swift in Sources */ = {isa = PBXBuildFile; fileRef = 13A82A7C2505583600CF718D /* UIView+Radius.swift */; };
		13C4B69325055BBF00182A8F /* UIView+Constraints.swift in Sources */ = {isa = PBXBuildFile; fileRef = 13A82A6B2505575800CF718D /* UIView+Constraints.swift */; };
		13C4B69425055BBF00182A8F /* BaseView.swift in Sources */ = {isa = PBXBuildFile; fileRef = 13A82A672505574000CF718D /* BaseView.swift */; };
		13C4B69525055BBF00182A8F /* BaseViewModel.swift in Sources */ = {isa = PBXBuildFile; fileRef = 13A82A662505574000CF718D /* BaseViewModel.swift */; };
		13C4B69625055BBF00182A8F /* FloatingInputKeyPad.swift in Sources */ = {isa = PBXBuildFile; fileRef = 13A82A542505568F00CF718D /* FloatingInputKeyPad.swift */; };
		13C4B69725055BBF00182A8F /* FloatingInputEditMode.swift in Sources */ = {isa = PBXBuildFile; fileRef = 13A82A572505568F00CF718D /* FloatingInputEditMode.swift */; };
		13C4B69825055BBF00182A8F /* FloatingInputView.swift in Sources */ = {isa = PBXBuildFile; fileRef = 13A82A532505568F00CF718D /* FloatingInputView.swift */; };
		13C4B69925055BBF00182A8F /* FloatingInputViewModel.swift in Sources */ = {isa = PBXBuildFile; fileRef = 13A82A512505568F00CF718D /* FloatingInputViewModel.swift */; };
		13C4B69A25055BBF00182A8F /* FloatingInputViewState.swift in Sources */ = {isa = PBXBuildFile; fileRef = 13A82A562505568F00CF718D /* FloatingInputViewState.swift */; };
		13C4B69B25055BBF00182A8F /* RectStyle.swift in Sources */ = {isa = PBXBuildFile; fileRef = 13A82A522505568F00CF718D /* RectStyle.swift */; };
		13C4B69C25055BBF00182A8F /* FloatingInput.h in Sources */ = {isa = PBXBuildFile; fileRef = 13A82A19250554B100CF718D /* FloatingInput.h */; };
/* End PBXBuildFile section */

/* Begin PBXContainerItemProxy section */
		13A82A21250554B200CF718D /* PBXContainerItemProxy */ = {
			isa = PBXContainerItemProxy;
			containerPortal = 13A82A0D250554B100CF718D /* Project object */;
			proxyType = 1;
			remoteGlobalIDString = 13A82A15250554B100CF718D;
			remoteInfo = FloatingInput;
		};
/* End PBXContainerItemProxy section */

/* Begin PBXFileReference section */
		13A82A16250554B100CF718D /* FloatingInput.framework */ = {isa = PBXFileReference; explicitFileType = wrapper.framework; includeInIndex = 0; path = FloatingInput.framework; sourceTree = BUILT_PRODUCTS_DIR; };
		13A82A19250554B100CF718D /* FloatingInput.h */ = {isa = PBXFileReference; lastKnownFileType = sourcecode.c.h; path = FloatingInput.h; sourceTree = "<group>"; };
		13A82A1A250554B100CF718D /* Info.plist */ = {isa = PBXFileReference; lastKnownFileType = text.plist.xml; path = Info.plist; sourceTree = "<group>"; };
		13A82A1F250554B200CF718D /* FloatingInputTests.xctest */ = {isa = PBXFileReference; explicitFileType = wrapper.cfbundle; includeInIndex = 0; path = FloatingInputTests.xctest; sourceTree = BUILT_PRODUCTS_DIR; };
		13A82A24250554B200CF718D /* FloatingInputTests.swift */ = {isa = PBXFileReference; lastKnownFileType = sourcecode.swift; path = FloatingInputTests.swift; sourceTree = "<group>"; };
		13A82A26250554B200CF718D /* Info.plist */ = {isa = PBXFileReference; lastKnownFileType = text.plist.xml; path = Info.plist; sourceTree = "<group>"; };
		13A82A512505568F00CF718D /* FloatingInputViewModel.swift */ = {isa = PBXFileReference; fileEncoding = 4; lastKnownFileType = sourcecode.swift; path = FloatingInputViewModel.swift; sourceTree = "<group>"; };
		13A82A522505568F00CF718D /* RectStyle.swift */ = {isa = PBXFileReference; fileEncoding = 4; lastKnownFileType = sourcecode.swift; path = RectStyle.swift; sourceTree = "<group>"; };
		13A82A532505568F00CF718D /* FloatingInputView.swift */ = {isa = PBXFileReference; fileEncoding = 4; lastKnownFileType = sourcecode.swift; path = FloatingInputView.swift; sourceTree = "<group>"; };
		13A82A542505568F00CF718D /* FloatingInputKeyPad.swift */ = {isa = PBXFileReference; fileEncoding = 4; lastKnownFileType = sourcecode.swift; path = FloatingInputKeyPad.swift; sourceTree = "<group>"; };
		13A82A562505568F00CF718D /* FloatingInputViewState.swift */ = {isa = PBXFileReference; fileEncoding = 4; lastKnownFileType = sourcecode.swift; path = FloatingInputViewState.swift; sourceTree = "<group>"; };
		13A82A572505568F00CF718D /* FloatingInputEditMode.swift */ = {isa = PBXFileReference; fileEncoding = 4; lastKnownFileType = sourcecode.swift; path = FloatingInputEditMode.swift; sourceTree = "<group>"; };
		13A82A662505574000CF718D /* BaseViewModel.swift */ = {isa = PBXFileReference; fileEncoding = 4; lastKnownFileType = sourcecode.swift; path = BaseViewModel.swift; sourceTree = "<group>"; };
		13A82A672505574000CF718D /* BaseView.swift */ = {isa = PBXFileReference; fileEncoding = 4; lastKnownFileType = sourcecode.swift; path = BaseView.swift; sourceTree = "<group>"; };
		13A82A6B2505575800CF718D /* UIView+Constraints.swift */ = {isa = PBXFileReference; fileEncoding = 4; lastKnownFileType = sourcecode.swift; path = "UIView+Constraints.swift"; sourceTree = "<group>"; };
		13A82A6D2505576C00CF718D /* UIStackView+Init.swift */ = {isa = PBXFileReference; fileEncoding = 4; lastKnownFileType = sourcecode.swift; path = "UIStackView+Init.swift"; sourceTree = "<group>"; };
		13A82A6F2505577700CF718D /* Number+UIEdgeInset.swift */ = {isa = PBXFileReference; fileEncoding = 4; lastKnownFileType = sourcecode.swift; path = "Number+UIEdgeInset.swift"; sourceTree = "<group>"; };
		13A82A72250557B200CF718D /* DesignableView.swift */ = {isa = PBXFileReference; fileEncoding = 4; lastKnownFileType = sourcecode.swift; path = DesignableView.swift; sourceTree = "<group>"; };
		13A82A73250557B300CF718D /* Stylable.swift */ = {isa = PBXFileReference; fileEncoding = 4; lastKnownFileType = sourcecode.swift; path = Stylable.swift; sourceTree = "<group>"; };
		13A82A74250557B300CF718D /* Radius.swift */ = {isa = PBXFileReference; fileEncoding = 4; lastKnownFileType = sourcecode.swift; path = Radius.swift; sourceTree = "<group>"; };
		13A82A75250557B300CF718D /* Border.swift */ = {isa = PBXFileReference; fileEncoding = 4; lastKnownFileType = sourcecode.swift; path = Border.swift; sourceTree = "<group>"; };
		13A82A7A2505582800CF718D /* CALayer+Border.swift */ = {isa = PBXFileReference; fileEncoding = 4; lastKnownFileType = sourcecode.swift; path = "CALayer+Border.swift"; sourceTree = "<group>"; };
		13A82A7C2505583600CF718D /* UIView+Radius.swift */ = {isa = PBXFileReference; fileEncoding = 4; lastKnownFileType = sourcecode.swift; path = "UIView+Radius.swift"; sourceTree = "<group>"; };
/* End PBXFileReference section */

/* Begin PBXFrameworksBuildPhase section */
		13A82A13250554B100CF718D /* Frameworks */ = {
			isa = PBXFrameworksBuildPhase;
			buildActionMask = 2147483647;
			files = (
			);
			runOnlyForDeploymentPostprocessing = 0;
		};
		13A82A1C250554B200CF718D /* Frameworks */ = {
			isa = PBXFrameworksBuildPhase;
			buildActionMask = 2147483647;
			files = (
				13A82A20250554B200CF718D /* FloatingInput.framework in Frameworks */,
			);
			runOnlyForDeploymentPostprocessing = 0;
		};
/* End PBXFrameworksBuildPhase section */

/* Begin PBXGroup section */
		13A82A0C250554B100CF718D = {
			isa = PBXGroup;
			children = (
				13A82A18250554B100CF718D /* Source */,
				13A82A23250554B200CF718D /* Tests */,
				13A82A17250554B100CF718D /* Products */,
			);
			sourceTree = "<group>";
		};
		13A82A17250554B100CF718D /* Products */ = {
			isa = PBXGroup;
			children = (
				13A82A16250554B100CF718D /* FloatingInput.framework */,
				13A82A1F250554B200CF718D /* FloatingInputTests.xctest */,
			);
			name = Products;
			sourceTree = "<group>";
		};
		13A82A18250554B100CF718D /* Source */ = {
			isa = PBXGroup;
			children = (
				13A82A642505571E00CF718D /* Core */,
				13A82A542505568F00CF718D /* FloatingInputKeyPad.swift */,
				13A82A572505568F00CF718D /* FloatingInputEditMode.swift */,
				13A82A532505568F00CF718D /* FloatingInputView.swift */,
				13A82A512505568F00CF718D /* FloatingInputViewModel.swift */,
				13A82A562505568F00CF718D /* FloatingInputViewState.swift */,
				13A82A522505568F00CF718D /* RectStyle.swift */,
				13A82A502505562600CF718D /* Supporting Files */,
			);
			path = Source;
			sourceTree = "<group>";
		};
		13A82A23250554B200CF718D /* Tests */ = {
			isa = PBXGroup;
			children = (
				13A82A24250554B200CF718D /* FloatingInputTests.swift */,
				13A82A26250554B200CF718D /* Info.plist */,
			);
			path = Tests;
			sourceTree = "<group>";
		};
		13A82A502505562600CF718D /* Supporting Files */ = {
			isa = PBXGroup;
			children = (
				13A82A19250554B100CF718D /* FloatingInput.h */,
				13A82A1A250554B100CF718D /* Info.plist */,
			);
			path = "Supporting Files";
			sourceTree = "<group>";
		};
		13A82A642505571E00CF718D /* Core */ = {
			isa = PBXGroup;
			children = (
				13A82A71250557A700CF718D /* Design */,
				13A82A6A2505574C00CF718D /* Extensions */,
				13A82A652505573600CF718D /* MVVM */,
			);
			path = Core;
			sourceTree = "<group>";
		};
		13A82A652505573600CF718D /* MVVM */ = {
			isa = PBXGroup;
			children = (
				13A82A672505574000CF718D /* BaseView.swift */,
				13A82A662505574000CF718D /* BaseViewModel.swift */,
			);
			path = MVVM;
			sourceTree = "<group>";
		};
		13A82A6A2505574C00CF718D /* Extensions */ = {
			isa = PBXGroup;
			children = (
				13A82A7A2505582800CF718D /* CALayer+Border.swift */,
				13A82A6F2505577700CF718D /* Number+UIEdgeInset.swift */,
				13A82A6D2505576C00CF718D /* UIStackView+Init.swift */,
				13A82A7C2505583600CF718D /* UIView+Radius.swift */,
				13A82A6B2505575800CF718D /* UIView+Constraints.swift */,
			);
			path = Extensions;
			sourceTree = "<group>";
		};
		13A82A71250557A700CF718D /* Design */ = {
			isa = PBXGroup;
			children = (
				13A82A75250557B300CF718D /* Border.swift */,
				13A82A72250557B200CF718D /* DesignableView.swift */,
				13A82A74250557B300CF718D /* Radius.swift */,
				13A82A73250557B300CF718D /* Stylable.swift */,
			);
			path = Design;
			sourceTree = "<group>";
		};
/* End PBXGroup section */

/* Begin PBXHeadersBuildPhase section */
		13A82A11250554B100CF718D /* Headers */ = {
			isa = PBXHeadersBuildPhase;
			buildActionMask = 2147483647;
			files = (
				13A82A27250554B200CF718D /* FloatingInput.h in Headers */,
			);
			runOnlyForDeploymentPostprocessing = 0;
		};
/* End PBXHeadersBuildPhase section */

/* Begin PBXNativeTarget section */
		13A82A15250554B100CF718D /* FloatingInput */ = {
			isa = PBXNativeTarget;
			buildConfigurationList = 13A82A2A250554B200CF718D /* Build configuration list for PBXNativeTarget "FloatingInput" */;
			buildPhases = (
				13A82A11250554B100CF718D /* Headers */,
				13A82A12250554B100CF718D /* Sources */,
				13A82A13250554B100CF718D /* Frameworks */,
				13A82A14250554B100CF718D /* Resources */,
			);
			buildRules = (
			);
			dependencies = (
			);
			name = FloatingInput;
			productName = FloatingInput;
			productReference = 13A82A16250554B100CF718D /* FloatingInput.framework */;
			productType = "com.apple.product-type.framework";
		};
		13A82A1E250554B200CF718D /* FloatingInputTests */ = {
			isa = PBXNativeTarget;
			buildConfigurationList = 13A82A2D250554B200CF718D /* Build configuration list for PBXNativeTarget "FloatingInputTests" */;
			buildPhases = (
				13A82A1B250554B200CF718D /* Sources */,
				13A82A1C250554B200CF718D /* Frameworks */,
				13A82A1D250554B200CF718D /* Resources */,
			);
			buildRules = (
			);
			dependencies = (
				13A82A22250554B200CF718D /* PBXTargetDependency */,
			);
			name = FloatingInputTests;
			productName = FloatingInputTests;
			productReference = 13A82A1F250554B200CF718D /* FloatingInputTests.xctest */;
			productType = "com.apple.product-type.bundle.unit-test";
		};
/* End PBXNativeTarget section */

/* Begin PBXProject section */
		13A82A0D250554B100CF718D /* Project object */ = {
			isa = PBXProject;
			attributes = {
				LastSwiftUpdateCheck = 1170;
				LastUpgradeCheck = 1170;
				ORGANIZATIONNAME = Manish;
				TargetAttributes = {
					13A82A15250554B100CF718D = {
						CreatedOnToolsVersion = 11.7;
						LastSwiftMigration = 1170;
					};
					13A82A1E250554B200CF718D = {
						CreatedOnToolsVersion = 11.7;
					};
				};
			};
			buildConfigurationList = 13A82A10250554B100CF718D /* Build configuration list for PBXProject "FloatingInput" */;
			compatibilityVersion = "Xcode 9.3";
			developmentRegion = en;
			hasScannedForEncodings = 0;
			knownRegions = (
				en,
				Base,
			);
			mainGroup = 13A82A0C250554B100CF718D;
			productRefGroup = 13A82A17250554B100CF718D /* Products */;
			projectDirPath = "";
			projectRoot = "";
			targets = (
				13A82A15250554B100CF718D /* FloatingInput */,
				13A82A1E250554B200CF718D /* FloatingInputTests */,
			);
		};
/* End PBXProject section */

/* Begin PBXResourcesBuildPhase section */
		13A82A14250554B100CF718D /* Resources */ = {
			isa = PBXResourcesBuildPhase;
			buildActionMask = 2147483647;
			files = (
			);
			runOnlyForDeploymentPostprocessing = 0;
		};
		13A82A1D250554B200CF718D /* Resources */ = {
			isa = PBXResourcesBuildPhase;
			buildActionMask = 2147483647;
			files = (
			);
			runOnlyForDeploymentPostprocessing = 0;
		};
/* End PBXResourcesBuildPhase section */

/* Begin PBXSourcesBuildPhase section */
		13A82A12250554B100CF718D /* Sources */ = {
			isa = PBXSourcesBuildPhase;
			buildActionMask = 2147483647;
			files = (
				13C4B68B25055BBF00182A8F /* Border.swift in Sources */,
				13C4B68C25055BBF00182A8F /* DesignableView.swift in Sources */,
				13C4B68D25055BBF00182A8F /* Radius.swift in Sources */,
				13C4B68E25055BBF00182A8F /* Stylable.swift in Sources */,
				13C4B68F25055BBF00182A8F /* CALayer+Border.swift in Sources */,
				13C4B69025055BBF00182A8F /* Number+UIEdgeInset.swift in Sources */,
				13C4B69125055BBF00182A8F /* UIStackView+Init.swift in Sources */,
				13C4B69225055BBF00182A8F /* UIView+Radius.swift in Sources */,
				13C4B69325055BBF00182A8F /* UIView+Constraints.swift in Sources */,
				13C4B69425055BBF00182A8F /* BaseView.swift in Sources */,
				13C4B69525055BBF00182A8F /* BaseViewModel.swift in Sources */,
				13C4B69625055BBF00182A8F /* FloatingInputKeyPad.swift in Sources */,
				13C4B69725055BBF00182A8F /* FloatingInputEditMode.swift in Sources */,
				13C4B69825055BBF00182A8F /* FloatingInputView.swift in Sources */,
				13C4B69925055BBF00182A8F /* FloatingInputViewModel.swift in Sources */,
				13C4B69A25055BBF00182A8F /* FloatingInputViewState.swift in Sources */,
				13C4B69B25055BBF00182A8F /* RectStyle.swift in Sources */,
				13C4B69C25055BBF00182A8F /* FloatingInput.h in Sources */,
			);
			runOnlyForDeploymentPostprocessing = 0;
		};
		13A82A1B250554B200CF718D /* Sources */ = {
			isa = PBXSourcesBuildPhase;
			buildActionMask = 2147483647;
			files = (
				13A82A25250554B200CF718D /* FloatingInputTests.swift in Sources */,
			);
			runOnlyForDeploymentPostprocessing = 0;
		};
/* End PBXSourcesBuildPhase section */

/* Begin PBXTargetDependency section */
		13A82A22250554B200CF718D /* PBXTargetDependency */ = {
			isa = PBXTargetDependency;
			target = 13A82A15250554B100CF718D /* FloatingInput */;
			targetProxy = 13A82A21250554B200CF718D /* PBXContainerItemProxy */;
		};
/* End PBXTargetDependency section */

/* Begin XCBuildConfiguration section */
		13A82A28250554B200CF718D /* Debug */ = {
			isa = XCBuildConfiguration;
			buildSettings = {
				ALWAYS_SEARCH_USER_PATHS = NO;
				CLANG_ANALYZER_NONNULL = YES;
				CLANG_ANALYZER_NUMBER_OBJECT_CONVERSION = YES_AGGRESSIVE;
				CLANG_CXX_LANGUAGE_STANDARD = "gnu++14";
				CLANG_CXX_LIBRARY = "libc++";
				CLANG_ENABLE_MODULES = YES;
				CLANG_ENABLE_OBJC_ARC = YES;
				CLANG_ENABLE_OBJC_WEAK = YES;
				CLANG_WARN_BLOCK_CAPTURE_AUTORELEASING = YES;
				CLANG_WARN_BOOL_CONVERSION = YES;
				CLANG_WARN_COMMA = YES;
				CLANG_WARN_CONSTANT_CONVERSION = YES;
				CLANG_WARN_DEPRECATED_OBJC_IMPLEMENTATIONS = YES;
				CLANG_WARN_DIRECT_OBJC_ISA_USAGE = YES_ERROR;
				CLANG_WARN_DOCUMENTATION_COMMENTS = YES;
				CLANG_WARN_EMPTY_BODY = YES;
				CLANG_WARN_ENUM_CONVERSION = YES;
				CLANG_WARN_INFINITE_RECURSION = YES;
				CLANG_WARN_INT_CONVERSION = YES;
				CLANG_WARN_NON_LITERAL_NULL_CONVERSION = YES;
				CLANG_WARN_OBJC_IMPLICIT_RETAIN_SELF = YES;
				CLANG_WARN_OBJC_LITERAL_CONVERSION = YES;
				CLANG_WARN_OBJC_ROOT_CLASS = YES_ERROR;
				CLANG_WARN_RANGE_LOOP_ANALYSIS = YES;
				CLANG_WARN_STRICT_PROTOTYPES = YES;
				CLANG_WARN_SUSPICIOUS_MOVE = YES;
				CLANG_WARN_UNGUARDED_AVAILABILITY = YES_AGGRESSIVE;
				CLANG_WARN_UNREACHABLE_CODE = YES;
				CLANG_WARN__DUPLICATE_METHOD_MATCH = YES;
				COPY_PHASE_STRIP = NO;
				CURRENT_PROJECT_VERSION = 1;
				DEBUG_INFORMATION_FORMAT = dwarf;
				ENABLE_STRICT_OBJC_MSGSEND = YES;
				ENABLE_TESTABILITY = YES;
				GCC_C_LANGUAGE_STANDARD = gnu11;
				GCC_DYNAMIC_NO_PIC = NO;
				GCC_NO_COMMON_BLOCKS = YES;
				GCC_OPTIMIZATION_LEVEL = 0;
				GCC_PREPROCESSOR_DEFINITIONS = (
					"DEBUG=1",
					"$(inherited)",
				);
				GCC_WARN_64_TO_32_BIT_CONVERSION = YES;
				GCC_WARN_ABOUT_RETURN_TYPE = YES_ERROR;
				GCC_WARN_UNDECLARED_SELECTOR = YES;
				GCC_WARN_UNINITIALIZED_AUTOS = YES_AGGRESSIVE;
				GCC_WARN_UNUSED_FUNCTION = YES;
				GCC_WARN_UNUSED_VARIABLE = YES;
				IPHONEOS_DEPLOYMENT_TARGET = 13.7;
				MTL_ENABLE_DEBUG_INFO = INCLUDE_SOURCE;
				MTL_FAST_MATH = YES;
				ONLY_ACTIVE_ARCH = YES;
				SDKROOT = iphoneos;
				SWIFT_ACTIVE_COMPILATION_CONDITIONS = DEBUG;
				SWIFT_OPTIMIZATION_LEVEL = "-Onone";
				VERSIONING_SYSTEM = "apple-generic";
				VERSION_INFO_PREFIX = "";
			};
			name = Debug;
		};
		13A82A29250554B200CF718D /* Release */ = {
			isa = XCBuildConfiguration;
			buildSettings = {
				ALWAYS_SEARCH_USER_PATHS = NO;
				CLANG_ANALYZER_NONNULL = YES;
				CLANG_ANALYZER_NUMBER_OBJECT_CONVERSION = YES_AGGRESSIVE;
				CLANG_CXX_LANGUAGE_STANDARD = "gnu++14";
				CLANG_CXX_LIBRARY = "libc++";
				CLANG_ENABLE_MODULES = YES;
				CLANG_ENABLE_OBJC_ARC = YES;
				CLANG_ENABLE_OBJC_WEAK = YES;
				CLANG_WARN_BLOCK_CAPTURE_AUTORELEASING = YES;
				CLANG_WARN_BOOL_CONVERSION = YES;
				CLANG_WARN_COMMA = YES;
				CLANG_WARN_CONSTANT_CONVERSION = YES;
				CLANG_WARN_DEPRECATED_OBJC_IMPLEMENTATIONS = YES;
				CLANG_WARN_DIRECT_OBJC_ISA_USAGE = YES_ERROR;
				CLANG_WARN_DOCUMENTATION_COMMENTS = YES;
				CLANG_WARN_EMPTY_BODY = YES;
				CLANG_WARN_ENUM_CONVERSION = YES;
				CLANG_WARN_INFINITE_RECURSION = YES;
				CLANG_WARN_INT_CONVERSION = YES;
				CLANG_WARN_NON_LITERAL_NULL_CONVERSION = YES;
				CLANG_WARN_OBJC_IMPLICIT_RETAIN_SELF = YES;
				CLANG_WARN_OBJC_LITERAL_CONVERSION = YES;
				CLANG_WARN_OBJC_ROOT_CLASS = YES_ERROR;
				CLANG_WARN_RANGE_LOOP_ANALYSIS = YES;
				CLANG_WARN_STRICT_PROTOTYPES = YES;
				CLANG_WARN_SUSPICIOUS_MOVE = YES;
				CLANG_WARN_UNGUARDED_AVAILABILITY = YES_AGGRESSIVE;
				CLANG_WARN_UNREACHABLE_CODE = YES;
				CLANG_WARN__DUPLICATE_METHOD_MATCH = YES;
				COPY_PHASE_STRIP = NO;
				CURRENT_PROJECT_VERSION = 1;
				DEBUG_INFORMATION_FORMAT = "dwarf-with-dsym";
				ENABLE_NS_ASSERTIONS = NO;
				ENABLE_STRICT_OBJC_MSGSEND = YES;
				GCC_C_LANGUAGE_STANDARD = gnu11;
				GCC_NO_COMMON_BLOCKS = YES;
				GCC_WARN_64_TO_32_BIT_CONVERSION = YES;
				GCC_WARN_ABOUT_RETURN_TYPE = YES_ERROR;
				GCC_WARN_UNDECLARED_SELECTOR = YES;
				GCC_WARN_UNINITIALIZED_AUTOS = YES_AGGRESSIVE;
				GCC_WARN_UNUSED_FUNCTION = YES;
				GCC_WARN_UNUSED_VARIABLE = YES;
				IPHONEOS_DEPLOYMENT_TARGET = 13.7;
				MTL_ENABLE_DEBUG_INFO = NO;
				MTL_FAST_MATH = YES;
				SDKROOT = iphoneos;
				SWIFT_COMPILATION_MODE = wholemodule;
				SWIFT_OPTIMIZATION_LEVEL = "-O";
				VALIDATE_PRODUCT = YES;
				VERSIONING_SYSTEM = "apple-generic";
				VERSION_INFO_PREFIX = "";
			};
			name = Release;
		};
		13A82A2B250554B200CF718D /* Debug */ = {
			isa = XCBuildConfiguration;
			buildSettings = {
				CLANG_ENABLE_MODULES = YES;
				CODE_SIGN_STYLE = Automatic;
				DEFINES_MODULE = YES;
				DYLIB_COMPATIBILITY_VERSION = 1;
				DYLIB_CURRENT_VERSION = 1;
				DYLIB_INSTALL_NAME_BASE = "@rpath";
				INFOPLIST_FILE = "Source/Supporting Files/Info.plist";
				INSTALL_PATH = "$(LOCAL_LIBRARY_DIR)/Frameworks";
				LD_RUNPATH_SEARCH_PATHS = (
					"$(inherited)",
					"@executable_path/Frameworks",
					"@loader_path/Frameworks",
				);
				PRODUCT_BUNDLE_IDENTIFIER = "com.github.manishpandey-git.FloatingInput";
				PRODUCT_NAME = "$(TARGET_NAME:c99extidentifier)";
				SKIP_INSTALL = YES;
				SWIFT_OPTIMIZATION_LEVEL = "-Onone";
				SWIFT_VERSION = 5.0;
				TARGETED_DEVICE_FAMILY = "1,2";
			};
			name = Debug;
		};
		13A82A2C250554B200CF718D /* Release */ = {
			isa = XCBuildConfiguration;
			buildSettings = {
				CLANG_ENABLE_MODULES = YES;
				CODE_SIGN_STYLE = Automatic;
				DEFINES_MODULE = YES;
				DYLIB_COMPATIBILITY_VERSION = 1;
				DYLIB_CURRENT_VERSION = 1;
				DYLIB_INSTALL_NAME_BASE = "@rpath";
				INFOPLIST_FILE = "Source/Supporting Files/Info.plist";
				INSTALL_PATH = "$(LOCAL_LIBRARY_DIR)/Frameworks";
				LD_RUNPATH_SEARCH_PATHS = (
					"$(inherited)",
					"@executable_path/Frameworks",
					"@loader_path/Frameworks",
				);
				PRODUCT_BUNDLE_IDENTIFIER = "com.github.manishpandey-git.FloatingInput";
				PRODUCT_NAME = "$(TARGET_NAME:c99extidentifier)";
				SKIP_INSTALL = YES;
				SWIFT_VERSION = 5.0;
				TARGETED_DEVICE_FAMILY = "1,2";
			};
			name = Release;
		};
		13A82A2E250554B200CF718D /* Debug */ = {
			isa = XCBuildConfiguration;
			buildSettings = {
				ALWAYS_EMBED_SWIFT_STANDARD_LIBRARIES = YES;
				CODE_SIGN_STYLE = Automatic;
				INFOPLIST_FILE = FloatingInputTests/Info.plist;
				LD_RUNPATH_SEARCH_PATHS = (
					"$(inherited)",
					"@executable_path/Frameworks",
					"@loader_path/Frameworks",
				);
				PRODUCT_BUNDLE_IDENTIFIER = "com.github.manishpandey-git.FloatingInputTests";
				PRODUCT_NAME = "$(TARGET_NAME)";
				SWIFT_VERSION = 5.0;
				TARGETED_DEVICE_FAMILY = "1,2";
			};
			name = Debug;
		};
		13A82A2F250554B200CF718D /* Release */ = {
			isa = XCBuildConfiguration;
			buildSettings = {
				ALWAYS_EMBED_SWIFT_STANDARD_LIBRARIES = YES;
				CODE_SIGN_STYLE = Automatic;
				INFOPLIST_FILE = FloatingInputTests/Info.plist;
				LD_RUNPATH_SEARCH_PATHS = (
					"$(inherited)",
					"@executable_path/Frameworks",
					"@loader_path/Frameworks",
				);
				PRODUCT_BUNDLE_IDENTIFIER = "com.github.manishpandey-git.FloatingInputTests";
				PRODUCT_NAME = "$(TARGET_NAME)";
				SWIFT_VERSION = 5.0;
				TARGETED_DEVICE_FAMILY = "1,2";
			};
			name = Release;
		};
/* End XCBuildConfiguration section */

/* Begin XCConfigurationList section */
		13A82A10250554B100CF718D /* Build configuration list for PBXProject "FloatingInput" */ = {
			isa = XCConfigurationList;
			buildConfigurations = (
				13A82A28250554B200CF718D /* Debug */,
				13A82A29250554B200CF718D /* Release */,
			);
			defaultConfigurationIsVisible = 0;
			defaultConfigurationName = Release;
		};
		13A82A2A250554B200CF718D /* Build configuration list for PBXNativeTarget "FloatingInput" */ = {
			isa = XCConfigurationList;
			buildConfigurations = (
				13A82A2B250554B200CF718D /* Debug */,
				13A82A2C250554B200CF718D /* Release */,
			);
			defaultConfigurationIsVisible = 0;
			defaultConfigurationName = Release;
		};
		13A82A2D250554B200CF718D /* Build configuration list for PBXNativeTarget "FloatingInputTests" */ = {
			isa = XCConfigurationList;
			buildConfigurations = (
				13A82A2E250554B200CF718D /* Debug */,
				13A82A2F250554B200CF718D /* Release */,
			);
			defaultConfigurationIsVisible = 0;
			defaultConfigurationName = Release;
		};
/* End XCConfigurationList section */
	};
	rootObject = 13A82A0D250554B100CF718D /* Project object */;
}
